// !$*UTF8*$!
{
	archiveVersion = 1;
	classes = {
	};
	objectVersion = 50;
	objects = {

/* Begin PBXBuildFile section */
		18180B002294CF4C006C2C4A /* BookingCollectionViewCell.xib in Resources */ = {isa = PBXBuildFile; fileRef = 18180AFF2294CF4C006C2C4A /* BookingCollectionViewCell.xib */; };
		182DAE03229314350038B95F /* EditProfileFormViewController.swift in Sources */ = {isa = PBXBuildFile; fileRef = 182DAE02229314350038B95F /* EditProfileFormViewController.swift */; };
		182DAE052294BF990038B95F /* BookingsViewController.swift in Sources */ = {isa = PBXBuildFile; fileRef = 182DAE042294BF990038B95F /* BookingsViewController.swift */; };
		183713C6227FEFED0017C881 /* RootViewController.swift in Sources */ = {isa = PBXBuildFile; fileRef = 183713C5227FEFED0017C881 /* RootViewController.swift */; };
		183713C8227FF8DE0017C881 /* AppAPIBase.swift in Sources */ = {isa = PBXBuildFile; fileRef = 183713C7227FF8DE0017C881 /* AppAPIBase.swift */; };
		183713CA227FF91E0017C881 /* Request.swift in Sources */ = {isa = PBXBuildFile; fileRef = 183713C9227FF91E0017C881 /* Request.swift */; };
		183713CE227FF9BC0017C881 /* Service.swift in Sources */ = {isa = PBXBuildFile; fileRef = 183713CD227FF9BC0017C881 /* Service.swift */; };
		183713D0228021760017C881 /* RoundButton.swift in Sources */ = {isa = PBXBuildFile; fileRef = 183713CF228021760017C881 /* RoundButton.swift */; };
		185AD3332279CA9D00EE1E9D /* BookingDateSelectionViewController.swift in Sources */ = {isa = PBXBuildFile; fileRef = 185AD3322279CA9C00EE1E9D /* BookingDateSelectionViewController.swift */; };
		185AD3352279CC2D00EE1E9D /* CAGradientLayer+AppStyle.swift in Sources */ = {isa = PBXBuildFile; fileRef = 185AD3342279CC2D00EE1E9D /* CAGradientLayer+AppStyle.swift */; };
		185AD3372279DA9500EE1E9D /* DateCell.swift in Sources */ = {isa = PBXBuildFile; fileRef = 185AD3362279DA9500EE1E9D /* DateCell.swift */; };
		18726FE322847E910051D181 /* ServiceViewController.swift in Sources */ = {isa = PBXBuildFile; fileRef = 18726FE222847E910051D181 /* ServiceViewController.swift */; };
		1880B95B228C5E9B00477C12 /* SignUpCreateAccountViewController.swift in Sources */ = {isa = PBXBuildFile; fileRef = 1880B95A228C5E9B00477C12 /* SignUpCreateAccountViewController.swift */; };
		1880B95D228C5EA700477C12 /* SignUpCreateProfileViewController.swift in Sources */ = {isa = PBXBuildFile; fileRef = 1880B95C228C5EA700477C12 /* SignUpCreateProfileViewController.swift */; };
		1880B95F228C5EB100477C12 /* SignUpCreateAddressViewController.swift in Sources */ = {isa = PBXBuildFile; fileRef = 1880B95E228C5EB100477C12 /* SignUpCreateAddressViewController.swift */; };
		1880B961228C5EBF00477C12 /* SignUpAskPushNotificationsViewController.swift in Sources */ = {isa = PBXBuildFile; fileRef = 1880B960228C5EBF00477C12 /* SignUpAskPushNotificationsViewController.swift */; };
		1880B963228C664800477C12 /* SharedSignUpConstants.swift in Sources */ = {isa = PBXBuildFile; fileRef = 1880B962228C664800477C12 /* SharedSignUpConstants.swift */; };
		1880B965228D3B8400477C12 /* UIViewController+AdditionalInsets.swift in Sources */ = {isa = PBXBuildFile; fileRef = 1880B964228D3B8400477C12 /* UIViewController+AdditionalInsets.swift */; };
		1880B967228EF5E800477C12 /* SettingsNotLoggedInView.xib in Resources */ = {isa = PBXBuildFile; fileRef = 1880B966228EF5E800477C12 /* SettingsNotLoggedInView.xib */; };
		1880B969228EF6C700477C12 /* SettingsNotLoggedInView.swift in Sources */ = {isa = PBXBuildFile; fileRef = 1880B968228EF6C700477C12 /* SettingsNotLoggedInView.swift */; };
		18A1E856226F8652005CD5A9 /* AppDelegate.swift in Sources */ = {isa = PBXBuildFile; fileRef = 18A1E855226F8652005CD5A9 /* AppDelegate.swift */; };
		18A1E858226F8652005CD5A9 /* ViewController.swift in Sources */ = {isa = PBXBuildFile; fileRef = 18A1E857226F8652005CD5A9 /* ViewController.swift */; };
		18A1E85B226F8652005CD5A9 /* Main.storyboard in Resources */ = {isa = PBXBuildFile; fileRef = 18A1E859226F8652005CD5A9 /* Main.storyboard */; };
		18A1E85D226F8655005CD5A9 /* Assets.xcassets in Resources */ = {isa = PBXBuildFile; fileRef = 18A1E85C226F8655005CD5A9 /* Assets.xcassets */; };
		18A1E860226F8655005CD5A9 /* LaunchScreen.storyboard in Resources */ = {isa = PBXBuildFile; fileRef = 18A1E85E226F8655005CD5A9 /* LaunchScreen.storyboard */; };
		18A1E86B226F8655005CD5A9 /* LISATests.swift in Sources */ = {isa = PBXBuildFile; fileRef = 18A1E86A226F8655005CD5A9 /* LISATests.swift */; };
		18A3E1C72279816A00183777 /* SettingsRootTableViewController.swift in Sources */ = {isa = PBXBuildFile; fileRef = 18A3E1C62279816A00183777 /* SettingsRootTableViewController.swift */; };
		18A3E1C9227985E500183777 /* HomeViewController.swift in Sources */ = {isa = PBXBuildFile; fileRef = 18A3E1C8227985E500183777 /* HomeViewController.swift */; };
		18A3E1CB2279866100183777 /* HomeViewController+CollectionView.swift in Sources */ = {isa = PBXBuildFile; fileRef = 18A3E1CA2279866100183777 /* HomeViewController+CollectionView.swift */; };
		18A3E1CE227987FA00183777 /* HomeSectionHeaderCollectionReusableView.swift in Sources */ = {isa = PBXBuildFile; fileRef = 18A3E1CC227987FA00183777 /* HomeSectionHeaderCollectionReusableView.swift */; };
		18A3E1CF227987FA00183777 /* HomeSectionHeaderCollectionReusableView.xib in Resources */ = {isa = PBXBuildFile; fileRef = 18A3E1CD227987FA00183777 /* HomeSectionHeaderCollectionReusableView.xib */; };
		18A3E1D222798D7200183777 /* BaseRoundedCardCell.swift in Sources */ = {isa = PBXBuildFile; fileRef = 18A3E1D122798D7200183777 /* BaseRoundedCardCell.swift */; };
		18A3E1D822798F4100183777 /* ServiceCardCell.swift in Sources */ = {isa = PBXBuildFile; fileRef = 18A3E1D622798F4100183777 /* ServiceCardCell.swift */; };
		18A3E1D922798F4100183777 /* ServiceCardCell.xib in Resources */ = {isa = PBXBuildFile; fileRef = 18A3E1D722798F4100183777 /* ServiceCardCell.xib */; };
		18B4C6A62288B32B005BACFA /* CreateBookingFormViewController.swift in Sources */ = {isa = PBXBuildFile; fileRef = 18B4C6A52288B32B005BACFA /* CreateBookingFormViewController.swift */; };
		18B500F0228215A20028BBD4 /* LoginEmailViewController.swift in Sources */ = {isa = PBXBuildFile; fileRef = 18B500EF228215A20028BBD4 /* LoginEmailViewController.swift */; };
		18D0C9AE229073D1006327EB /* CreateBookingHeaderView.swift in Sources */ = {isa = PBXBuildFile; fileRef = 18D0C9AD229073D1006327EB /* CreateBookingHeaderView.swift */; };
		18D0C9B0229073DB006327EB /* CreateBookingHeaderView.xib in Resources */ = {isa = PBXBuildFile; fileRef = 18D0C9AF229073DB006327EB /* CreateBookingHeaderView.xib */; };
		18D3C8C122907BA4001A887F /* AddressSelectionCell.swift in Sources */ = {isa = PBXBuildFile; fileRef = 18D3C8C022907BA4001A887F /* AddressSelectionCell.swift */; };
		18D3C8C322907BDC001A887F /* AddressSelectionCell.xib in Resources */ = {isa = PBXBuildFile; fileRef = 18D3C8C222907BDC001A887F /* AddressSelectionCell.xib */; };
		18D3C8C522908F9E001A887F /* CreateAddressFormViewController.swift in Sources */ = {isa = PBXBuildFile; fileRef = 18D3C8C422908F9E001A887F /* CreateAddressFormViewController.swift */; };
		18D3C8C72290AD1E001A887F /* BookingsListViewController.swift in Sources */ = {isa = PBXBuildFile; fileRef = 18D3C8C62290AD1E001A887F /* BookingsListViewController.swift */; };
		18D53F2722820DE400D8BA32 /* LoginSplashViewController.swift in Sources */ = {isa = PBXBuildFile; fileRef = 18D53F2622820DE400D8BA32 /* LoginSplashViewController.swift */; };
		18DCBE9422969C5A00EC5239 /* PillUILabel.swift in Sources */ = {isa = PBXBuildFile; fileRef = 18DCBE9322969C5A00EC5239 /* PillUILabel.swift */; };
		18E0618E2296025C0061003E /* ServiceFeatureViewController.swift in Sources */ = {isa = PBXBuildFile; fileRef = 18E0618D2296025C0061003E /* ServiceFeatureViewController.swift */; };
		18E06191229663C00061003E /* ServiceFeatureCardCollectionViewCell.swift in Sources */ = {isa = PBXBuildFile; fileRef = 18E0618F229663C00061003E /* ServiceFeatureCardCollectionViewCell.swift */; };
		18E06192229663C00061003E /* ServiceFeatureCardCollectionViewCell.xib in Resources */ = {isa = PBXBuildFile; fileRef = 18E06190229663C00061003E /* ServiceFeatureCardCollectionViewCell.xib */; };
		18E06194229695370061003E /* BookingCollectionViewCell.swift in Sources */ = {isa = PBXBuildFile; fileRef = 18E06193229695370061003E /* BookingCollectionViewCell.swift */; };
		18F0410D228F3F0E00177385 /* SignUpCompletionViewController.swift in Sources */ = {isa = PBXBuildFile; fileRef = 18F0410C228F3F0E00177385 /* SignUpCompletionViewController.swift */; };
		18F04110228F713300177385 /* CreateBookingConfirmationViewController.swift in Sources */ = {isa = PBXBuildFile; fileRef = 18F0410F228F713300177385 /* CreateBookingConfirmationViewController.swift */; };
		18F04112228F78D600177385 /* BookingsTableViewController.swift in Sources */ = {isa = PBXBuildFile; fileRef = 18F04111228F78D600177385 /* BookingsTableViewController.swift */; };
		1D22DE008079F7FE042E5179 /* Pods_LISATests.framework in Frameworks */ = {isa = PBXBuildFile; fileRef = E5988B665198EC8FBB6B268D /* Pods_LISATests.framework */; };
		6FE39C9EA27378F10C6DD75D /* Pods_LISA.framework in Frameworks */ = {isa = PBXBuildFile; fileRef = C0EF9D2900DEF5E986C881A3 /* Pods_LISA.framework */; };
/* End PBXBuildFile section */

/* Begin PBXContainerItemProxy section */
		18A1E867226F8655005CD5A9 /* PBXContainerItemProxy */ = {
			isa = PBXContainerItemProxy;
			containerPortal = 18A1E84A226F8652005CD5A9 /* Project object */;
			proxyType = 1;
			remoteGlobalIDString = 18A1E851226F8652005CD5A9;
			remoteInfo = LISA;
		};
/* End PBXContainerItemProxy section */

/* Begin PBXFileReference section */
		04EA8BBEC1B23BB92CF2B782 /* Pods-LISATests.release.xcconfig */ = {isa = PBXFileReference; includeInIndex = 1; lastKnownFileType = text.xcconfig; name = "Pods-LISATests.release.xcconfig"; path = "Target Support Files/Pods-LISATests/Pods-LISATests.release.xcconfig"; sourceTree = "<group>"; };
		10AB4F82C4D31FB1FBD09893 /* Pods-LISATests.debug.xcconfig */ = {isa = PBXFileReference; includeInIndex = 1; lastKnownFileType = text.xcconfig; name = "Pods-LISATests.debug.xcconfig"; path = "Target Support Files/Pods-LISATests/Pods-LISATests.debug.xcconfig"; sourceTree = "<group>"; };
		18180AFF2294CF4C006C2C4A /* BookingCollectionViewCell.xib */ = {isa = PBXFileReference; lastKnownFileType = file.xib; path = BookingCollectionViewCell.xib; sourceTree = "<group>"; };
		182DAE02229314350038B95F /* EditProfileFormViewController.swift */ = {isa = PBXFileReference; lastKnownFileType = sourcecode.swift; path = EditProfileFormViewController.swift; sourceTree = "<group>"; };
		182DAE042294BF990038B95F /* BookingsViewController.swift */ = {isa = PBXFileReference; lastKnownFileType = sourcecode.swift; path = BookingsViewController.swift; sourceTree = "<group>"; };
		183713C5227FEFED0017C881 /* RootViewController.swift */ = {isa = PBXFileReference; lastKnownFileType = sourcecode.swift; path = RootViewController.swift; sourceTree = "<group>"; };
		183713C7227FF8DE0017C881 /* AppAPIBase.swift */ = {isa = PBXFileReference; lastKnownFileType = sourcecode.swift; path = AppAPIBase.swift; sourceTree = "<group>"; };
		183713C9227FF91E0017C881 /* Request.swift */ = {isa = PBXFileReference; lastKnownFileType = sourcecode.swift; path = Request.swift; sourceTree = "<group>"; };
		183713CD227FF9BC0017C881 /* Service.swift */ = {isa = PBXFileReference; lastKnownFileType = sourcecode.swift; path = Service.swift; sourceTree = "<group>"; };
		183713CF228021760017C881 /* RoundButton.swift */ = {isa = PBXFileReference; lastKnownFileType = sourcecode.swift; path = RoundButton.swift; sourceTree = "<group>"; };
		185AD3322279CA9C00EE1E9D /* BookingDateSelectionViewController.swift */ = {isa = PBXFileReference; lastKnownFileType = sourcecode.swift; path = BookingDateSelectionViewController.swift; sourceTree = "<group>"; };
		185AD3342279CC2D00EE1E9D /* CAGradientLayer+AppStyle.swift */ = {isa = PBXFileReference; lastKnownFileType = sourcecode.swift; path = "CAGradientLayer+AppStyle.swift"; sourceTree = "<group>"; };
		185AD3362279DA9500EE1E9D /* DateCell.swift */ = {isa = PBXFileReference; lastKnownFileType = sourcecode.swift; path = DateCell.swift; sourceTree = "<group>"; };
		18726FE222847E910051D181 /* ServiceViewController.swift */ = {isa = PBXFileReference; lastKnownFileType = sourcecode.swift; path = ServiceViewController.swift; sourceTree = "<group>"; };
		1880B95A228C5E9B00477C12 /* SignUpCreateAccountViewController.swift */ = {isa = PBXFileReference; lastKnownFileType = sourcecode.swift; path = SignUpCreateAccountViewController.swift; sourceTree = "<group>"; };
		1880B95C228C5EA700477C12 /* SignUpCreateProfileViewController.swift */ = {isa = PBXFileReference; lastKnownFileType = sourcecode.swift; path = SignUpCreateProfileViewController.swift; sourceTree = "<group>"; };
		1880B95E228C5EB100477C12 /* SignUpCreateAddressViewController.swift */ = {isa = PBXFileReference; lastKnownFileType = sourcecode.swift; path = SignUpCreateAddressViewController.swift; sourceTree = "<group>"; };
		1880B960228C5EBF00477C12 /* SignUpAskPushNotificationsViewController.swift */ = {isa = PBXFileReference; lastKnownFileType = sourcecode.swift; path = SignUpAskPushNotificationsViewController.swift; sourceTree = "<group>"; };
		1880B962228C664800477C12 /* SharedSignUpConstants.swift */ = {isa = PBXFileReference; lastKnownFileType = sourcecode.swift; path = SharedSignUpConstants.swift; sourceTree = "<group>"; };
		1880B964228D3B8400477C12 /* UIViewController+AdditionalInsets.swift */ = {isa = PBXFileReference; lastKnownFileType = sourcecode.swift; path = "UIViewController+AdditionalInsets.swift"; sourceTree = "<group>"; };
		1880B966228EF5E800477C12 /* SettingsNotLoggedInView.xib */ = {isa = PBXFileReference; lastKnownFileType = file.xib; path = SettingsNotLoggedInView.xib; sourceTree = "<group>"; };
		1880B968228EF6C700477C12 /* SettingsNotLoggedInView.swift */ = {isa = PBXFileReference; lastKnownFileType = sourcecode.swift; path = SettingsNotLoggedInView.swift; sourceTree = "<group>"; };
		18A1E852226F8652005CD5A9 /* LISA.app */ = {isa = PBXFileReference; explicitFileType = wrapper.application; includeInIndex = 0; path = LISA.app; sourceTree = BUILT_PRODUCTS_DIR; };
		18A1E855226F8652005CD5A9 /* AppDelegate.swift */ = {isa = PBXFileReference; lastKnownFileType = sourcecode.swift; path = AppDelegate.swift; sourceTree = "<group>"; };
		18A1E857226F8652005CD5A9 /* ViewController.swift */ = {isa = PBXFileReference; lastKnownFileType = sourcecode.swift; path = ViewController.swift; sourceTree = "<group>"; };
		18A1E85A226F8652005CD5A9 /* Base */ = {isa = PBXFileReference; lastKnownFileType = file.storyboard; name = Base; path = Base.lproj/Main.storyboard; sourceTree = "<group>"; };
		18A1E85C226F8655005CD5A9 /* Assets.xcassets */ = {isa = PBXFileReference; lastKnownFileType = folder.assetcatalog; path = Assets.xcassets; sourceTree = "<group>"; };
		18A1E85F226F8655005CD5A9 /* Base */ = {isa = PBXFileReference; lastKnownFileType = file.storyboard; name = Base; path = Base.lproj/LaunchScreen.storyboard; sourceTree = "<group>"; };
		18A1E861226F8655005CD5A9 /* Info.plist */ = {isa = PBXFileReference; lastKnownFileType = text.plist.xml; path = Info.plist; sourceTree = "<group>"; };
		18A1E866226F8655005CD5A9 /* LISATests.xctest */ = {isa = PBXFileReference; explicitFileType = wrapper.cfbundle; includeInIndex = 0; path = LISATests.xctest; sourceTree = BUILT_PRODUCTS_DIR; };
		18A1E86A226F8655005CD5A9 /* LISATests.swift */ = {isa = PBXFileReference; lastKnownFileType = sourcecode.swift; path = LISATests.swift; sourceTree = "<group>"; };
		18A1E86C226F8655005CD5A9 /* Info.plist */ = {isa = PBXFileReference; lastKnownFileType = text.plist.xml; path = Info.plist; sourceTree = "<group>"; };
		18A3E1C62279816A00183777 /* SettingsRootTableViewController.swift */ = {isa = PBXFileReference; lastKnownFileType = sourcecode.swift; path = SettingsRootTableViewController.swift; sourceTree = "<group>"; };
		18A3E1C8227985E500183777 /* HomeViewController.swift */ = {isa = PBXFileReference; lastKnownFileType = sourcecode.swift; path = HomeViewController.swift; sourceTree = "<group>"; };
		18A3E1CA2279866100183777 /* HomeViewController+CollectionView.swift */ = {isa = PBXFileReference; lastKnownFileType = sourcecode.swift; path = "HomeViewController+CollectionView.swift"; sourceTree = "<group>"; };
		18A3E1CC227987FA00183777 /* HomeSectionHeaderCollectionReusableView.swift */ = {isa = PBXFileReference; lastKnownFileType = sourcecode.swift; path = HomeSectionHeaderCollectionReusableView.swift; sourceTree = "<group>"; };
		18A3E1CD227987FA00183777 /* HomeSectionHeaderCollectionReusableView.xib */ = {isa = PBXFileReference; lastKnownFileType = file.xib; path = HomeSectionHeaderCollectionReusableView.xib; sourceTree = "<group>"; };
		18A3E1D122798D7200183777 /* BaseRoundedCardCell.swift */ = {isa = PBXFileReference; lastKnownFileType = sourcecode.swift; path = BaseRoundedCardCell.swift; sourceTree = "<group>"; };
		18A3E1D622798F4100183777 /* ServiceCardCell.swift */ = {isa = PBXFileReference; lastKnownFileType = sourcecode.swift; path = ServiceCardCell.swift; sourceTree = "<group>"; };
		18A3E1D722798F4100183777 /* ServiceCardCell.xib */ = {isa = PBXFileReference; lastKnownFileType = file.xib; path = ServiceCardCell.xib; sourceTree = "<group>"; };
		18A551DF227F4A0D005D48F0 /* LISA.entitlements */ = {isa = PBXFileReference; lastKnownFileType = text.plist.entitlements; path = LISA.entitlements; sourceTree = "<group>"; };
		18B4C6A52288B32B005BACFA /* CreateBookingFormViewController.swift */ = {isa = PBXFileReference; lastKnownFileType = sourcecode.swift; path = CreateBookingFormViewController.swift; sourceTree = "<group>"; };
		18B500EF228215A20028BBD4 /* LoginEmailViewController.swift */ = {isa = PBXFileReference; lastKnownFileType = sourcecode.swift; path = LoginEmailViewController.swift; sourceTree = "<group>"; };
		18D0C9AD229073D1006327EB /* CreateBookingHeaderView.swift */ = {isa = PBXFileReference; lastKnownFileType = sourcecode.swift; path = CreateBookingHeaderView.swift; sourceTree = "<group>"; };
		18D0C9AF229073DB006327EB /* CreateBookingHeaderView.xib */ = {isa = PBXFileReference; lastKnownFileType = file.xib; path = CreateBookingHeaderView.xib; sourceTree = "<group>"; };
		18D3C8C022907BA4001A887F /* AddressSelectionCell.swift */ = {isa = PBXFileReference; lastKnownFileType = sourcecode.swift; path = AddressSelectionCell.swift; sourceTree = "<group>"; };
		18D3C8C222907BDC001A887F /* AddressSelectionCell.xib */ = {isa = PBXFileReference; lastKnownFileType = file.xib; path = AddressSelectionCell.xib; sourceTree = "<group>"; };
		18D3C8C422908F9E001A887F /* CreateAddressFormViewController.swift */ = {isa = PBXFileReference; lastKnownFileType = sourcecode.swift; path = CreateAddressFormViewController.swift; sourceTree = "<group>"; };
		18D3C8C62290AD1E001A887F /* BookingsListViewController.swift */ = {isa = PBXFileReference; lastKnownFileType = sourcecode.swift; path = BookingsListViewController.swift; sourceTree = "<group>"; };
		18D53F2622820DE400D8BA32 /* LoginSplashViewController.swift */ = {isa = PBXFileReference; lastKnownFileType = sourcecode.swift; path = LoginSplashViewController.swift; sourceTree = "<group>"; };
		18DCBE9322969C5A00EC5239 /* PillUILabel.swift */ = {isa = PBXFileReference; lastKnownFileType = sourcecode.swift; path = PillUILabel.swift; sourceTree = "<group>"; };
		18E0618D2296025C0061003E /* ServiceFeatureViewController.swift */ = {isa = PBXFileReference; lastKnownFileType = sourcecode.swift; path = ServiceFeatureViewController.swift; sourceTree = "<group>"; };
		18E0618F229663C00061003E /* ServiceFeatureCardCollectionViewCell.swift */ = {isa = PBXFileReference; lastKnownFileType = sourcecode.swift; path = ServiceFeatureCardCollectionViewCell.swift; sourceTree = "<group>"; };
		18E06190229663C00061003E /* ServiceFeatureCardCollectionViewCell.xib */ = {isa = PBXFileReference; lastKnownFileType = file.xib; path = ServiceFeatureCardCollectionViewCell.xib; sourceTree = "<group>"; };
		18E06193229695370061003E /* BookingCollectionViewCell.swift */ = {isa = PBXFileReference; lastKnownFileType = sourcecode.swift; path = BookingCollectionViewCell.swift; sourceTree = "<group>"; };
		18F0410C228F3F0E00177385 /* SignUpCompletionViewController.swift */ = {isa = PBXFileReference; lastKnownFileType = sourcecode.swift; path = SignUpCompletionViewController.swift; sourceTree = "<group>"; };
		18F0410F228F713300177385 /* CreateBookingConfirmationViewController.swift */ = {isa = PBXFileReference; lastKnownFileType = sourcecode.swift; path = CreateBookingConfirmationViewController.swift; sourceTree = "<group>"; };
		18F04111228F78D600177385 /* BookingsTableViewController.swift */ = {isa = PBXFileReference; lastKnownFileType = sourcecode.swift; path = BookingsTableViewController.swift; sourceTree = "<group>"; };
		1D4CEFE3F0CF0CA081D0E092 /* Pods-LISA.debug.xcconfig */ = {isa = PBXFileReference; includeInIndex = 1; lastKnownFileType = text.xcconfig; name = "Pods-LISA.debug.xcconfig"; path = "Target Support Files/Pods-LISA/Pods-LISA.debug.xcconfig"; sourceTree = "<group>"; };
		C0EF9D2900DEF5E986C881A3 /* Pods_LISA.framework */ = {isa = PBXFileReference; explicitFileType = wrapper.framework; includeInIndex = 0; path = Pods_LISA.framework; sourceTree = BUILT_PRODUCTS_DIR; };
		E5988B665198EC8FBB6B268D /* Pods_LISATests.framework */ = {isa = PBXFileReference; explicitFileType = wrapper.framework; includeInIndex = 0; path = Pods_LISATests.framework; sourceTree = BUILT_PRODUCTS_DIR; };
		F137A964E07CAB440D9D16DF /* Pods-LISA.release.xcconfig */ = {isa = PBXFileReference; includeInIndex = 1; lastKnownFileType = text.xcconfig; name = "Pods-LISA.release.xcconfig"; path = "Target Support Files/Pods-LISA/Pods-LISA.release.xcconfig"; sourceTree = "<group>"; };
/* End PBXFileReference section */

/* Begin PBXFrameworksBuildPhase section */
		18A1E84F226F8652005CD5A9 /* Frameworks */ = {
			isa = PBXFrameworksBuildPhase;
			buildActionMask = 2147483647;
			files = (
				6FE39C9EA27378F10C6DD75D /* Pods_LISA.framework in Frameworks */,
			);
			runOnlyForDeploymentPostprocessing = 0;
		};
		18A1E863226F8655005CD5A9 /* Frameworks */ = {
			isa = PBXFrameworksBuildPhase;
			buildActionMask = 2147483647;
			files = (
				1D22DE008079F7FE042E5179 /* Pods_LISATests.framework in Frameworks */,
			);
			runOnlyForDeploymentPostprocessing = 0;
		};
/* End PBXFrameworksBuildPhase section */

/* Begin PBXGroup section */
		18A1E849226F8652005CD5A9 = {
			isa = PBXGroup;
			children = (
				18A1E854226F8652005CD5A9 /* LISA */,
				18A1E869226F8655005CD5A9 /* LISATests */,
				18A1E853226F8652005CD5A9 /* Products */,
				7E15C5D5237748B0449BF69B /* Pods */,
				E98207E1E454F97096EBFBF5 /* Frameworks */,
			);
			sourceTree = "<group>";
		};
		18A1E853226F8652005CD5A9 /* Products */ = {
			isa = PBXGroup;
			children = (
				18A1E852226F8652005CD5A9 /* LISA.app */,
				18A1E866226F8655005CD5A9 /* LISATests.xctest */,
			);
			name = Products;
			sourceTree = "<group>";
		};
		18A1E854226F8652005CD5A9 /* LISA */ = {
			isa = PBXGroup;
			children = (
				18A551DF227F4A0D005D48F0 /* LISA.entitlements */,
				18A1E859226F8652005CD5A9 /* Main.storyboard */,
				18D3C8C422908F9E001A887F /* CreateAddressFormViewController.swift */,
				18F04111228F78D600177385 /* BookingsTableViewController.swift */,
				18A1E855226F8652005CD5A9 /* AppDelegate.swift */,
				18A1E857226F8652005CD5A9 /* ViewController.swift */,
				18A3E1C8227985E500183777 /* HomeViewController.swift */,
				18A3E1CA2279866100183777 /* HomeViewController+CollectionView.swift */,
				18D53F2622820DE400D8BA32 /* LoginSplashViewController.swift */,
				18D0C9AD229073D1006327EB /* CreateBookingHeaderView.swift */,
				18D0C9AF229073DB006327EB /* CreateBookingHeaderView.xib */,
				18B500EF228215A20028BBD4 /* LoginEmailViewController.swift */,
				1880B95A228C5E9B00477C12 /* SignUpCreateAccountViewController.swift */,
				1880B95C228C5EA700477C12 /* SignUpCreateProfileViewController.swift */,
				1880B95E228C5EB100477C12 /* SignUpCreateAddressViewController.swift */,
				1880B960228C5EBF00477C12 /* SignUpAskPushNotificationsViewController.swift */,
				18F0410C228F3F0E00177385 /* SignUpCompletionViewController.swift */,
				18B4C6A52288B32B005BACFA /* CreateBookingFormViewController.swift */,
				18D3C8C022907BA4001A887F /* AddressSelectionCell.swift */,
				18D3C8C222907BDC001A887F /* AddressSelectionCell.xib */,
				18F0410F228F713300177385 /* CreateBookingConfirmationViewController.swift */,
				1880B962228C664800477C12 /* SharedSignUpConstants.swift */,
				18726FE222847E910051D181 /* ServiceViewController.swift */,
				18E0618F229663C00061003E /* ServiceFeatureCardCollectionViewCell.swift */,
				18E06190229663C00061003E /* ServiceFeatureCardCollectionViewCell.xib */,
				18E0618D2296025C0061003E /* ServiceFeatureViewController.swift */,
				18180AFF2294CF4C006C2C4A /* BookingCollectionViewCell.xib */,
				18E06193229695370061003E /* BookingCollectionViewCell.swift */,
				182DAE042294BF990038B95F /* BookingsViewController.swift */,
				18DCBE9322969C5A00EC5239 /* PillUILabel.swift */,
				18D3C8C62290AD1E001A887F /* BookingsListViewController.swift */,
				183713CF228021760017C881 /* RoundButton.swift */,
				183713C5227FEFED0017C881 /* RootViewController.swift */,
				185AD3362279DA9500EE1E9D /* DateCell.swift */,
				185AD3322279CA9C00EE1E9D /* BookingDateSelectionViewController.swift */,
				185AD3342279CC2D00EE1E9D /* CAGradientLayer+AppStyle.swift */,
				1880B964228D3B8400477C12 /* UIViewController+AdditionalInsets.swift */,
				18A3E1C62279816A00183777 /* SettingsRootTableViewController.swift */,
				182DAE02229314350038B95F /* EditProfileFormViewController.swift */,
				1880B966228EF5E800477C12 /* SettingsNotLoggedInView.xib */,
				1880B968228EF6C700477C12 /* SettingsNotLoggedInView.swift */,
				18A3E1D022798B0500183777 /* Home Controller */,
				183713C7227FF8DE0017C881 /* AppAPIBase.swift */,
				183713C9227FF91E0017C881 /* Request.swift */,
				183713CD227FF9BC0017C881 /* Service.swift */,
				18A1E85C226F8655005CD5A9 /* Assets.xcassets */,
				18A1E85E226F8655005CD5A9 /* LaunchScreen.storyboard */,
				18A1E861226F8655005CD5A9 /* Info.plist */,
			);
			path = LISA;
			sourceTree = "<group>";
		};
		18A1E869226F8655005CD5A9 /* LISATests */ = {
			isa = PBXGroup;
			children = (
				18A1E86A226F8655005CD5A9 /* LISATests.swift */,
				18A1E86C226F8655005CD5A9 /* Info.plist */,
			);
			path = LISATests;
			sourceTree = "<group>";
		};
		18A3E1D022798B0500183777 /* Home Controller */ = {
			isa = PBXGroup;
			children = (
				18A3E1D322798EC200183777 /* Cells */,
				18A3E1CD227987FA00183777 /* HomeSectionHeaderCollectionReusableView.xib */,
				18A3E1CC227987FA00183777 /* HomeSectionHeaderCollectionReusableView.swift */,
			);
			path = "Home Controller";
			sourceTree = "<group>";
		};
		18A3E1D322798EC200183777 /* Cells */ = {
			isa = PBXGroup;
			children = (
				18A3E1D122798D7200183777 /* BaseRoundedCardCell.swift */,
				18A3E1D622798F4100183777 /* ServiceCardCell.swift */,
				18A3E1D722798F4100183777 /* ServiceCardCell.xib */,
			);
			path = Cells;
			sourceTree = "<group>";
		};
		7E15C5D5237748B0449BF69B /* Pods */ = {
			isa = PBXGroup;
			children = (
				1D4CEFE3F0CF0CA081D0E092 /* Pods-LISA.debug.xcconfig */,
				F137A964E07CAB440D9D16DF /* Pods-LISA.release.xcconfig */,
				10AB4F82C4D31FB1FBD09893 /* Pods-LISATests.debug.xcconfig */,
				04EA8BBEC1B23BB92CF2B782 /* Pods-LISATests.release.xcconfig */,
			);
			path = Pods;
			sourceTree = "<group>";
		};
		E98207E1E454F97096EBFBF5 /* Frameworks */ = {
			isa = PBXGroup;
			children = (
				C0EF9D2900DEF5E986C881A3 /* Pods_LISA.framework */,
				E5988B665198EC8FBB6B268D /* Pods_LISATests.framework */,
			);
			name = Frameworks;
			sourceTree = "<group>";
		};
/* End PBXGroup section */

/* Begin PBXNativeTarget section */
		18A1E851226F8652005CD5A9 /* LISA */ = {
			isa = PBXNativeTarget;
			buildConfigurationList = 18A1E86F226F8655005CD5A9 /* Build configuration list for PBXNativeTarget "LISA" */;
			buildPhases = (
				6979C63F6F012F30B2F8E5F0 /* [CP] Check Pods Manifest.lock */,
				18A1E84E226F8652005CD5A9 /* Sources */,
				18A1E84F226F8652005CD5A9 /* Frameworks */,
				18A1E850226F8652005CD5A9 /* Resources */,
				11ADDC549A36501BE96E2E5B /* [CP] Embed Pods Frameworks */,
				18A551DD227F3783005D48F0 /* ShellScript */,
			);
			buildRules = (
			);
			dependencies = (
			);
			name = LISA;
			productName = LISA;
			productReference = 18A1E852226F8652005CD5A9 /* LISA.app */;
			productType = "com.apple.product-type.application";
		};
		18A1E865226F8655005CD5A9 /* LISATests */ = {
			isa = PBXNativeTarget;
			buildConfigurationList = 18A1E872226F8655005CD5A9 /* Build configuration list for PBXNativeTarget "LISATests" */;
			buildPhases = (
				D95F7828A784F8DF77DB916A /* [CP] Check Pods Manifest.lock */,
				18A1E862226F8655005CD5A9 /* Sources */,
				18A1E863226F8655005CD5A9 /* Frameworks */,
				18A1E864226F8655005CD5A9 /* Resources */,
			);
			buildRules = (
			);
			dependencies = (
				18A1E868226F8655005CD5A9 /* PBXTargetDependency */,
			);
			name = LISATests;
			productName = LISATests;
			productReference = 18A1E866226F8655005CD5A9 /* LISATests.xctest */;
			productType = "com.apple.product-type.bundle.unit-test";
		};
/* End PBXNativeTarget section */

/* Begin PBXProject section */
		18A1E84A226F8652005CD5A9 /* Project object */ = {
			isa = PBXProject;
			attributes = {
				LastSwiftUpdateCheck = 1020;
				LastUpgradeCheck = 1020;
				ORGANIZATIONNAME = "Carlos Arcenas";
				TargetAttributes = {
					18A1E851226F8652005CD5A9 = {
						CreatedOnToolsVersion = 10.2.1;
						SystemCapabilities = {
							com.apple.Push = {
								enabled = 1;
							};
						};
					};
					18A1E865226F8655005CD5A9 = {
						CreatedOnToolsVersion = 10.2.1;
						TestTargetID = 18A1E851226F8652005CD5A9;
					};
				};
			};
			buildConfigurationList = 18A1E84D226F8652005CD5A9 /* Build configuration list for PBXProject "LISA" */;
			compatibilityVersion = "Xcode 9.3";
			developmentRegion = en;
			hasScannedForEncodings = 0;
			knownRegions = (
				en,
				Base,
			);
			mainGroup = 18A1E849226F8652005CD5A9;
			productRefGroup = 18A1E853226F8652005CD5A9 /* Products */;
			projectDirPath = "";
			projectRoot = "";
			targets = (
				18A1E851226F8652005CD5A9 /* LISA */,
				18A1E865226F8655005CD5A9 /* LISATests */,
			);
		};
/* End PBXProject section */

/* Begin PBXResourcesBuildPhase section */
		18A1E850226F8652005CD5A9 /* Resources */ = {
			isa = PBXResourcesBuildPhase;
			buildActionMask = 2147483647;
			files = (
				1880B967228EF5E800477C12 /* SettingsNotLoggedInView.xib in Resources */,
				18D0C9B0229073DB006327EB /* CreateBookingHeaderView.xib in Resources */,
				18A1E860226F8655005CD5A9 /* LaunchScreen.storyboard in Resources */,
				18A3E1D922798F4100183777 /* ServiceCardCell.xib in Resources */,
				18A3E1CF227987FA00183777 /* HomeSectionHeaderCollectionReusableView.xib in Resources */,
				18E06192229663C00061003E /* ServiceFeatureCardCollectionViewCell.xib in Resources */,
				18180B002294CF4C006C2C4A /* BookingCollectionViewCell.xib in Resources */,
				18D3C8C322907BDC001A887F /* AddressSelectionCell.xib in Resources */,
				18A1E85D226F8655005CD5A9 /* Assets.xcassets in Resources */,
				18A1E85B226F8652005CD5A9 /* Main.storyboard in Resources */,
			);
			runOnlyForDeploymentPostprocessing = 0;
		};
		18A1E864226F8655005CD5A9 /* Resources */ = {
			isa = PBXResourcesBuildPhase;
			buildActionMask = 2147483647;
			files = (
			);
			runOnlyForDeploymentPostprocessing = 0;
		};
/* End PBXResourcesBuildPhase section */

/* Begin PBXShellScriptBuildPhase section */
		11ADDC549A36501BE96E2E5B /* [CP] Embed Pods Frameworks */ = {
			isa = PBXShellScriptBuildPhase;
			buildActionMask = 2147483647;
			files = (
			);
			inputFileListPaths = (
			);
			inputPaths = (
				"${PODS_ROOT}/Target Support Files/Pods-LISA/Pods-LISA-frameworks.sh",
				"${BUILT_PRODUCTS_DIR}/AlignedCollectionViewFlowLayout/AlignedCollectionViewFlowLayout.framework",
				"${BUILT_PRODUCTS_DIR}/Bolts/Bolts.framework",
				"${BUILT_PRODUCTS_DIR}/Eureka/Eureka.framework",
				"${BUILT_PRODUCTS_DIR}/FBSDKCoreKit/FBSDKCoreKit.framework",
				"${BUILT_PRODUCTS_DIR}/FBSDKLoginKit/FBSDKLoginKit.framework",
				"${BUILT_PRODUCTS_DIR}/FacebookCore/FacebookCore.framework",
				"${BUILT_PRODUCTS_DIR}/FacebookLogin/FacebookLogin.framework",
				"${BUILT_PRODUCTS_DIR}/FontAwesome.swift/FontAwesome_swift.framework",
				"${BUILT_PRODUCTS_DIR}/IGListKit/IGListKit.framework",
				"${BUILT_PRODUCTS_DIR}/ImageRow/ImageRow.framework",
				"${BUILT_PRODUCTS_DIR}/JTAppleCalendar/JTAppleCalendar.framework",
				"${BUILT_PRODUCTS_DIR}/PKHUD/PKHUD.framework",
			);
			name = "[CP] Embed Pods Frameworks";
			outputFileListPaths = (
			);
			outputPaths = (
				"${TARGET_BUILD_DIR}/${FRAMEWORKS_FOLDER_PATH}/AlignedCollectionViewFlowLayout.framework",
				"${TARGET_BUILD_DIR}/${FRAMEWORKS_FOLDER_PATH}/Bolts.framework",
				"${TARGET_BUILD_DIR}/${FRAMEWORKS_FOLDER_PATH}/Eureka.framework",
				"${TARGET_BUILD_DIR}/${FRAMEWORKS_FOLDER_PATH}/FBSDKCoreKit.framework",
				"${TARGET_BUILD_DIR}/${FRAMEWORKS_FOLDER_PATH}/FBSDKLoginKit.framework",
				"${TARGET_BUILD_DIR}/${FRAMEWORKS_FOLDER_PATH}/FacebookCore.framework",
				"${TARGET_BUILD_DIR}/${FRAMEWORKS_FOLDER_PATH}/FacebookLogin.framework",
				"${TARGET_BUILD_DIR}/${FRAMEWORKS_FOLDER_PATH}/FontAwesome_swift.framework",
				"${TARGET_BUILD_DIR}/${FRAMEWORKS_FOLDER_PATH}/IGListKit.framework",
				"${TARGET_BUILD_DIR}/${FRAMEWORKS_FOLDER_PATH}/ImageRow.framework",
				"${TARGET_BUILD_DIR}/${FRAMEWORKS_FOLDER_PATH}/JTAppleCalendar.framework",
				"${TARGET_BUILD_DIR}/${FRAMEWORKS_FOLDER_PATH}/PKHUD.framework",
			);
			runOnlyForDeploymentPostprocessing = 0;
			shellPath = /bin/sh;
			shellScript = "\"${PODS_ROOT}/Target Support Files/Pods-LISA/Pods-LISA-frameworks.sh\"\n";
			showEnvVarsInLog = 0;
		};
		18A551DD227F3783005D48F0 /* ShellScript */ = {
			isa = PBXShellScriptBuildPhase;
			buildActionMask = 2147483647;
			files = (
			);
			inputFileListPaths = (
			);
			inputPaths = (
				"$(BUILT_PRODUCTS_DIR)/$(INFOPLIST_PATH)",
			);
			outputFileListPaths = (
			);
			outputPaths = (
			);
			runOnlyForDeploymentPostprocessing = 0;
			shellPath = /bin/sh;
			shellScript = "\"${PODS_ROOT}/Fabric/run\" 567db3cb8bb75c482293f76960b5716fa100afb2 4c90eeb09be33be78add2708ee500182aa69bf8032a12698e710f28d0fdc049e\n";
		};
		6979C63F6F012F30B2F8E5F0 /* [CP] Check Pods Manifest.lock */ = {
			isa = PBXShellScriptBuildPhase;
			buildActionMask = 2147483647;
			files = (
			);
			inputFileListPaths = (
			);
			inputPaths = (
				"${PODS_PODFILE_DIR_PATH}/Podfile.lock",
				"${PODS_ROOT}/Manifest.lock",
			);
			name = "[CP] Check Pods Manifest.lock";
			outputFileListPaths = (
			);
			outputPaths = (
				"$(DERIVED_FILE_DIR)/Pods-LISA-checkManifestLockResult.txt",
			);
			runOnlyForDeploymentPostprocessing = 0;
			shellPath = /bin/sh;
			shellScript = "diff \"${PODS_PODFILE_DIR_PATH}/Podfile.lock\" \"${PODS_ROOT}/Manifest.lock\" > /dev/null\nif [ $? != 0 ] ; then\n    # print error to STDERR\n    echo \"error: The sandbox is not in sync with the Podfile.lock. Run 'pod install' or update your CocoaPods installation.\" >&2\n    exit 1\nfi\n# This output is used by Xcode 'outputs' to avoid re-running this script phase.\necho \"SUCCESS\" > \"${SCRIPT_OUTPUT_FILE_0}\"\n";
			showEnvVarsInLog = 0;
		};
		D95F7828A784F8DF77DB916A /* [CP] Check Pods Manifest.lock */ = {
			isa = PBXShellScriptBuildPhase;
			buildActionMask = 2147483647;
			files = (
			);
			inputFileListPaths = (
			);
			inputPaths = (
				"${PODS_PODFILE_DIR_PATH}/Podfile.lock",
				"${PODS_ROOT}/Manifest.lock",
			);
			name = "[CP] Check Pods Manifest.lock";
			outputFileListPaths = (
			);
			outputPaths = (
				"$(DERIVED_FILE_DIR)/Pods-LISATests-checkManifestLockResult.txt",
			);
			runOnlyForDeploymentPostprocessing = 0;
			shellPath = /bin/sh;
			shellScript = "diff \"${PODS_PODFILE_DIR_PATH}/Podfile.lock\" \"${PODS_ROOT}/Manifest.lock\" > /dev/null\nif [ $? != 0 ] ; then\n    # print error to STDERR\n    echo \"error: The sandbox is not in sync with the Podfile.lock. Run 'pod install' or update your CocoaPods installation.\" >&2\n    exit 1\nfi\n# This output is used by Xcode 'outputs' to avoid re-running this script phase.\necho \"SUCCESS\" > \"${SCRIPT_OUTPUT_FILE_0}\"\n";
			showEnvVarsInLog = 0;
		};
/* End PBXShellScriptBuildPhase section */

/* Begin PBXSourcesBuildPhase section */
		18A1E84E226F8652005CD5A9 /* Sources */ = {
			isa = PBXSourcesBuildPhase;
			buildActionMask = 2147483647;
			files = (
				18F04112228F78D600177385 /* BookingsTableViewController.swift in Sources */,
				18A1E858226F8652005CD5A9 /* ViewController.swift in Sources */,
				18F0410D228F3F0E00177385 /* SignUpCompletionViewController.swift in Sources */,
				185AD3372279DA9500EE1E9D /* DateCell.swift in Sources */,
				18B4C6A62288B32B005BACFA /* CreateBookingFormViewController.swift in Sources */,
				18D0C9AE229073D1006327EB /* CreateBookingHeaderView.swift in Sources */,
				183713C6227FEFED0017C881 /* RootViewController.swift in Sources */,
				18B500F0228215A20028BBD4 /* LoginEmailViewController.swift in Sources */,
				1880B95D228C5EA700477C12 /* SignUpCreateProfileViewController.swift in Sources */,
				18A3E1C72279816A00183777 /* SettingsRootTableViewController.swift in Sources */,
				185AD3332279CA9D00EE1E9D /* BookingDateSelectionViewController.swift in Sources */,
				18DCBE9422969C5A00EC5239 /* PillUILabel.swift in Sources */,
				1880B95B228C5E9B00477C12 /* SignUpCreateAccountViewController.swift in Sources */,
				18A1E856226F8652005CD5A9 /* AppDelegate.swift in Sources */,
				18A3E1D822798F4100183777 /* ServiceCardCell.swift in Sources */,
				182DAE052294BF990038B95F /* BookingsViewController.swift in Sources */,
				18F04110228F713300177385 /* CreateBookingConfirmationViewController.swift in Sources */,
				1880B969228EF6C700477C12 /* SettingsNotLoggedInView.swift in Sources */,
				18E06191229663C00061003E /* ServiceFeatureCardCollectionViewCell.swift in Sources */,
				185AD3352279CC2D00EE1E9D /* CAGradientLayer+AppStyle.swift in Sources */,
				18E06194229695370061003E /* BookingCollectionViewCell.swift in Sources */,
				183713CE227FF9BC0017C881 /* Service.swift in Sources */,
				183713C8227FF8DE0017C881 /* AppAPIBase.swift in Sources */,
				18A3E1C9227985E500183777 /* HomeViewController.swift in Sources */,
				18D3C8C72290AD1E001A887F /* BookingsListViewController.swift in Sources */,
				1880B965228D3B8400477C12 /* UIViewController+AdditionalInsets.swift in Sources */,
				1880B961228C5EBF00477C12 /* SignUpAskPushNotificationsViewController.swift in Sources */,
				18A3E1CB2279866100183777 /* HomeViewController+CollectionView.swift in Sources */,
				18726FE322847E910051D181 /* ServiceViewController.swift in Sources */,
				183713CA227FF91E0017C881 /* Request.swift in Sources */,
				18D3C8C122907BA4001A887F /* AddressSelectionCell.swift in Sources */,
				18D3C8C522908F9E001A887F /* CreateAddressFormViewController.swift in Sources */,
				18D53F2722820DE400D8BA32 /* LoginSplashViewController.swift in Sources */,
				183713D0228021760017C881 /* RoundButton.swift in Sources */,
				1880B963228C664800477C12 /* SharedSignUpConstants.swift in Sources */,
				1880B95F228C5EB100477C12 /* SignUpCreateAddressViewController.swift in Sources */,
				18A3E1CE227987FA00183777 /* HomeSectionHeaderCollectionReusableView.swift in Sources */,
				182DAE03229314350038B95F /* EditProfileFormViewController.swift in Sources */,
				18A3E1D222798D7200183777 /* BaseRoundedCardCell.swift in Sources */,
				18E0618E2296025C0061003E /* ServiceFeatureViewController.swift in Sources */,
			);
			runOnlyForDeploymentPostprocessing = 0;
		};
		18A1E862226F8655005CD5A9 /* Sources */ = {
			isa = PBXSourcesBuildPhase;
			buildActionMask = 2147483647;
			files = (
				18A1E86B226F8655005CD5A9 /* LISATests.swift in Sources */,
			);
			runOnlyForDeploymentPostprocessing = 0;
		};
/* End PBXSourcesBuildPhase section */

/* Begin PBXTargetDependency section */
		18A1E868226F8655005CD5A9 /* PBXTargetDependency */ = {
			isa = PBXTargetDependency;
			target = 18A1E851226F8652005CD5A9 /* LISA */;
			targetProxy = 18A1E867226F8655005CD5A9 /* PBXContainerItemProxy */;
		};
/* End PBXTargetDependency section */

/* Begin PBXVariantGroup section */
		18A1E859226F8652005CD5A9 /* Main.storyboard */ = {
			isa = PBXVariantGroup;
			children = (
				18A1E85A226F8652005CD5A9 /* Base */,
			);
			name = Main.storyboard;
			sourceTree = "<group>";
		};
		18A1E85E226F8655005CD5A9 /* LaunchScreen.storyboard */ = {
			isa = PBXVariantGroup;
			children = (
				18A1E85F226F8655005CD5A9 /* Base */,
			);
			name = LaunchScreen.storyboard;
			sourceTree = "<group>";
		};
/* End PBXVariantGroup section */

/* Begin XCBuildConfiguration section */
		18A1E86D226F8655005CD5A9 /* Debug */ = {
			isa = XCBuildConfiguration;
			buildSettings = {
				ALWAYS_SEARCH_USER_PATHS = NO;
				CLANG_ANALYZER_NONNULL = YES;
				CLANG_ANALYZER_NUMBER_OBJECT_CONVERSION = YES_AGGRESSIVE;
				CLANG_CXX_LANGUAGE_STANDARD = "gnu++14";
				CLANG_CXX_LIBRARY = "libc++";
				CLANG_ENABLE_MODULES = YES;
				CLANG_ENABLE_OBJC_ARC = YES;
				CLANG_ENABLE_OBJC_WEAK = YES;
				CLANG_WARN_BLOCK_CAPTURE_AUTORELEASING = YES;
				CLANG_WARN_BOOL_CONVERSION = YES;
				CLANG_WARN_COMMA = YES;
				CLANG_WARN_CONSTANT_CONVERSION = YES;
				CLANG_WARN_DEPRECATED_OBJC_IMPLEMENTATIONS = YES;
				CLANG_WARN_DIRECT_OBJC_ISA_USAGE = YES_ERROR;
				CLANG_WARN_DOCUMENTATION_COMMENTS = YES;
				CLANG_WARN_EMPTY_BODY = YES;
				CLANG_WARN_ENUM_CONVERSION = YES;
				CLANG_WARN_INFINITE_RECURSION = YES;
				CLANG_WARN_INT_CONVERSION = YES;
				CLANG_WARN_NON_LITERAL_NULL_CONVERSION = YES;
				CLANG_WARN_OBJC_IMPLICIT_RETAIN_SELF = YES;
				CLANG_WARN_OBJC_LITERAL_CONVERSION = YES;
				CLANG_WARN_OBJC_ROOT_CLASS = YES_ERROR;
				CLANG_WARN_RANGE_LOOP_ANALYSIS = YES;
				CLANG_WARN_STRICT_PROTOTYPES = YES;
				CLANG_WARN_SUSPICIOUS_MOVE = YES;
				CLANG_WARN_UNGUARDED_AVAILABILITY = YES_AGGRESSIVE;
				CLANG_WARN_UNREACHABLE_CODE = YES;
				CLANG_WARN__DUPLICATE_METHOD_MATCH = YES;
				CODE_SIGN_IDENTITY = "iPhone Developer";
				COPY_PHASE_STRIP = NO;
				DEBUG_INFORMATION_FORMAT = dwarf;
				ENABLE_STRICT_OBJC_MSGSEND = YES;
				ENABLE_TESTABILITY = YES;
				GCC_C_LANGUAGE_STANDARD = gnu11;
				GCC_DYNAMIC_NO_PIC = NO;
				GCC_NO_COMMON_BLOCKS = YES;
				GCC_OPTIMIZATION_LEVEL = 0;
				GCC_PREPROCESSOR_DEFINITIONS = (
					"DEBUG=1",
					"$(inherited)",
				);
				GCC_WARN_64_TO_32_BIT_CONVERSION = YES;
				GCC_WARN_ABOUT_RETURN_TYPE = YES_ERROR;
				GCC_WARN_UNDECLARED_SELECTOR = YES;
				GCC_WARN_UNINITIALIZED_AUTOS = YES_AGGRESSIVE;
				GCC_WARN_UNUSED_FUNCTION = YES;
				GCC_WARN_UNUSED_VARIABLE = YES;
				IPHONEOS_DEPLOYMENT_TARGET = 12.2;
				MTL_ENABLE_DEBUG_INFO = INCLUDE_SOURCE;
				MTL_FAST_MATH = YES;
				ONLY_ACTIVE_ARCH = YES;
				SDKROOT = iphoneos;
				SWIFT_ACTIVE_COMPILATION_CONDITIONS = DEBUG;
				SWIFT_OPTIMIZATION_LEVEL = "-Onone";
			};
			name = Debug;
		};
		18A1E86E226F8655005CD5A9 /* Release */ = {
			isa = XCBuildConfiguration;
			buildSettings = {
				ALWAYS_SEARCH_USER_PATHS = NO;
				CLANG_ANALYZER_NONNULL = YES;
				CLANG_ANALYZER_NUMBER_OBJECT_CONVERSION = YES_AGGRESSIVE;
				CLANG_CXX_LANGUAGE_STANDARD = "gnu++14";
				CLANG_CXX_LIBRARY = "libc++";
				CLANG_ENABLE_MODULES = YES;
				CLANG_ENABLE_OBJC_ARC = YES;
				CLANG_ENABLE_OBJC_WEAK = YES;
				CLANG_WARN_BLOCK_CAPTURE_AUTORELEASING = YES;
				CLANG_WARN_BOOL_CONVERSION = YES;
				CLANG_WARN_COMMA = YES;
				CLANG_WARN_CONSTANT_CONVERSION = YES;
				CLANG_WARN_DEPRECATED_OBJC_IMPLEMENTATIONS = YES;
				CLANG_WARN_DIRECT_OBJC_ISA_USAGE = YES_ERROR;
				CLANG_WARN_DOCUMENTATION_COMMENTS = YES;
				CLANG_WARN_EMPTY_BODY = YES;
				CLANG_WARN_ENUM_CONVERSION = YES;
				CLANG_WARN_INFINITE_RECURSION = YES;
				CLANG_WARN_INT_CONVERSION = YES;
				CLANG_WARN_NON_LITERAL_NULL_CONVERSION = YES;
				CLANG_WARN_OBJC_IMPLICIT_RETAIN_SELF = YES;
				CLANG_WARN_OBJC_LITERAL_CONVERSION = YES;
				CLANG_WARN_OBJC_ROOT_CLASS = YES_ERROR;
				CLANG_WARN_RANGE_LOOP_ANALYSIS = YES;
				CLANG_WARN_STRICT_PROTOTYPES = YES;
				CLANG_WARN_SUSPICIOUS_MOVE = YES;
				CLANG_WARN_UNGUARDED_AVAILABILITY = YES_AGGRESSIVE;
				CLANG_WARN_UNREACHABLE_CODE = YES;
				CLANG_WARN__DUPLICATE_METHOD_MATCH = YES;
				CODE_SIGN_IDENTITY = "iPhone Developer";
				COPY_PHASE_STRIP = NO;
				DEBUG_INFORMATION_FORMAT = "dwarf-with-dsym";
				ENABLE_NS_ASSERTIONS = NO;
				ENABLE_STRICT_OBJC_MSGSEND = YES;
				GCC_C_LANGUAGE_STANDARD = gnu11;
				GCC_NO_COMMON_BLOCKS = YES;
				GCC_WARN_64_TO_32_BIT_CONVERSION = YES;
				GCC_WARN_ABOUT_RETURN_TYPE = YES_ERROR;
				GCC_WARN_UNDECLARED_SELECTOR = YES;
				GCC_WARN_UNINITIALIZED_AUTOS = YES_AGGRESSIVE;
				GCC_WARN_UNUSED_FUNCTION = YES;
				GCC_WARN_UNUSED_VARIABLE = YES;
				IPHONEOS_DEPLOYMENT_TARGET = 12.2;
				MTL_ENABLE_DEBUG_INFO = NO;
				MTL_FAST_MATH = YES;
				SDKROOT = iphoneos;
				SWIFT_COMPILATION_MODE = wholemodule;
				SWIFT_OPTIMIZATION_LEVEL = "-O";
				VALIDATE_PRODUCT = YES;
			};
			name = Release;
		};
		18A1E870226F8655005CD5A9 /* Debug */ = {
			isa = XCBuildConfiguration;
			baseConfigurationReference = 1D4CEFE3F0CF0CA081D0E092 /* Pods-LISA.debug.xcconfig */;
			buildSettings = {
				ASSETCATALOG_COMPILER_APPICON_NAME = AppIcon;
				CODE_SIGN_ENTITLEMENTS = LISA/LISA.entitlements;
				CODE_SIGN_STYLE = Manual;
				DEBUG_INFORMATION_FORMAT = "dwarf-with-dsym";
				DEVELOPMENT_TEAM = AKTPE3FTGW;
				INFOPLIST_FILE = LISA/Info.plist;
				LD_RUNPATH_SEARCH_PATHS = (
					"$(inherited)",
					"@executable_path/Frameworks",
				);
				OTHER_LDFLAGS = (
					"$(inherited)",
					"-framework",
					"\"Bolts\"",
					"-framework",
					"\"FBSDKCoreKit\"",
					"-framework",
					"\"FBSDKLoginKit\"",
					"-framework",
					"\"FacebookCore\"",
					"-framework",
					"\"FacebookLogin\"",
					"-weak_framework",
					"\"Accounts\"",
					"-weak_framework",
					"\"AudioToolbox\"",
					"-weak_framework",
					"\"CoreGraphics\"",
					"-weak_framework",
					"\"CoreLocation\"",
					"-weak_framework",
					"\"Foundation\"",
					"-weak_framework",
					"\"QuartzCore\"",
					"-weak_framework",
					"\"Security\"",
					"-weak_framework",
					"\"Social\"",
					"-weak_framework",
					"\"UIKit\"",
					"-ObjC",
				);
				PRODUCT_BUNDLE_IDENTIFIER = com.carlosarcenas.LISA;
				PRODUCT_NAME = "$(TARGET_NAME)";
				PROVISIONING_PROFILE_SPECIFIER = "LISA Thesis Group";
				SWIFT_VERSION = 5.0;
				TARGETED_DEVICE_FAMILY = 1;
			};
			name = Debug;
		};
		18A1E871226F8655005CD5A9 /* Release */ = {
			isa = XCBuildConfiguration;
			baseConfigurationReference = F137A964E07CAB440D9D16DF /* Pods-LISA.release.xcconfig */;
			buildSettings = {
				ASSETCATALOG_COMPILER_APPICON_NAME = AppIcon;
				CODE_SIGN_ENTITLEMENTS = LISA/LISA.entitlements;
				CODE_SIGN_STYLE = Manual;
				DEVELOPMENT_TEAM = "";
				INFOPLIST_FILE = LISA/Info.plist;
				LD_RUNPATH_SEARCH_PATHS = (
					"$(inherited)",
					"@executable_path/Frameworks",
				);
				OTHER_LDFLAGS = (
					"$(inherited)",
					"-framework",
					"\"Bolts\"",
					"-framework",
					"\"FBSDKCoreKit\"",
					"-framework",
					"\"FBSDKLoginKit\"",
					"-framework",
					"\"FacebookCore\"",
					"-framework",
					"\"FacebookLogin\"",
					"-weak_framework",
					"\"Accounts\"",
					"-weak_framework",
					"\"AudioToolbox\"",
					"-weak_framework",
					"\"CoreGraphics\"",
					"-weak_framework",
					"\"CoreLocation\"",
					"-weak_framework",
					"\"Foundation\"",
					"-weak_framework",
					"\"QuartzCore\"",
					"-weak_framework",
					"\"Security\"",
					"-weak_framework",
					"\"Social\"",
					"-weak_framework",
					"\"UIKit\"",
					"-ObjC",
				);
				PRODUCT_BUNDLE_IDENTIFIER = com.carlosarcenas.LISA;
				PRODUCT_NAME = "$(TARGET_NAME)";
				PROVISIONING_PROFILE_SPECIFIER = "";
				SWIFT_VERSION = 5.0;
				TARGETED_DEVICE_FAMILY = 1;
			};
			name = Release;
		};
		18A1E873226F8655005CD5A9 /* Debug */ = {
			isa = XCBuildConfiguration;
			baseConfigurationReference = 10AB4F82C4D31FB1FBD09893 /* Pods-LISATests.debug.xcconfig */;
			buildSettings = {
				ALWAYS_EMBED_SWIFT_STANDARD_LIBRARIES = YES;
				BUNDLE_LOADER = "$(TEST_HOST)";
				CODE_SIGN_STYLE = Automatic;
				INFOPLIST_FILE = LISATests/Info.plist;
				LD_RUNPATH_SEARCH_PATHS = (
					"$(inherited)",
					"@executable_path/Frameworks",
					"@loader_path/Frameworks",
				);
				PRODUCT_BUNDLE_IDENTIFIER = com.carlosarcenas.LISATests;
				PRODUCT_NAME = "$(TARGET_NAME)";
				SWIFT_VERSION = 5.0;
				TARGETED_DEVICE_FAMILY = "1,2";
				TEST_HOST = "$(BUILT_PRODUCTS_DIR)/LISA.app/LISA";
			};
			name = Debug;
		};
		18A1E874226F8655005CD5A9 /* Release */ = {
			isa = XCBuildConfiguration;
			baseConfigurationReference = 04EA8BBEC1B23BB92CF2B782 /* Pods-LISATests.release.xcconfig */;
			buildSettings = {
				ALWAYS_EMBED_SWIFT_STANDARD_LIBRARIES = YES;
				BUNDLE_LOADER = "$(TEST_HOST)";
				CODE_SIGN_STYLE = Automatic;
				INFOPLIST_FILE = LISATests/Info.plist;
				LD_RUNPATH_SEARCH_PATHS = (
					"$(inherited)",
					"@executable_path/Frameworks",
					"@loader_path/Frameworks",
				);
				PRODUCT_BUNDLE_IDENTIFIER = com.carlosarcenas.LISATests;
				PRODUCT_NAME = "$(TARGET_NAME)";
				SWIFT_VERSION = 5.0;
				TARGETED_DEVICE_FAMILY = "1,2";
				TEST_HOST = "$(BUILT_PRODUCTS_DIR)/LISA.app/LISA";
			};
			name = Release;
		};
/* End XCBuildConfiguration section */

/* Begin XCConfigurationList section */
		18A1E84D226F8652005CD5A9 /* Build configuration list for PBXProject "LISA" */ = {
			isa = XCConfigurationList;
			buildConfigurations = (
				18A1E86D226F8655005CD5A9 /* Debug */,
				18A1E86E226F8655005CD5A9 /* Release */,
			);
			defaultConfigurationIsVisible = 0;
			defaultConfigurationName = Release;
		};
		18A1E86F226F8655005CD5A9 /* Build configuration list for PBXNativeTarget "LISA" */ = {
			isa = XCConfigurationList;
			buildConfigurations = (
				18A1E870226F8655005CD5A9 /* Debug */,
				18A1E871226F8655005CD5A9 /* Release */,
			);
			defaultConfigurationIsVisible = 0;
			defaultConfigurationName = Release;
		};
		18A1E872226F8655005CD5A9 /* Build configuration list for PBXNativeTarget "LISATests" */ = {
			isa = XCConfigurationList;
			buildConfigurations = (
				18A1E873226F8655005CD5A9 /* Debug */,
				18A1E874226F8655005CD5A9 /* Release */,
			);
			defaultConfigurationIsVisible = 0;
			defaultConfigurationName = Release;
		};
/* End XCConfigurationList section */
	};
	rootObject = 18A1E84A226F8652005CD5A9 /* Project object */;
}
