PODS:
  - AlignedCollectionViewFlowLayout (1.1.2)
  - Crashlytics (3.14.0):
    - Fabric (~> 1.10.2)
  - Eureka (5.0.0)
  - Fabric (1.10.2)
  - FacebookCore (0.9.0):
    - FBSDKCoreKit (~> 5.0)
  - FacebookLogin (0.9.0):
    - FacebookCore (~> 0.9.0)
    - FBSDKCoreKit (~> 5.0)
    - FBSDKLoginKit (~> 5.0)
  - FBSDKCoreKit (5.5.0):
    - FBSDKCoreKit/Basics (= 5.5.0)
    - FBSDKCoreKit/Core (= 5.5.0)
  - FBSDKCoreKit/Basics (5.5.0)
  - FBSDKCoreKit/Core (5.5.0):
    - FBSDKCoreKit/Basics
  - FBSDKLoginKit (5.5.0):
    - FBSDKCoreKit (~> 5.0)
  - FontAwesome.swift (1.8.2)
  - IGListKit (3.4.0):
    - IGListKit/Default (= 3.4.0)
  - IGListKit/Default (3.4.0):
    - IGListKit/Diffing
  - IGListKit/Diffing (3.4.0)
  - ImageRow (4.0.0):
    - Eureka (~> 5.0)
  - JTAppleCalendar (8.0.0)
  - PKHUD (5.3.0)

DEPENDENCIES:
  - AlignedCollectionViewFlowLayout
  - Crashlytics
  - Eureka
  - Fabric
  - FacebookCore
  - FacebookLogin
  - FontAwesome.swift
  - IGListKit
  - ImageRow
  - JTAppleCalendar
  - PKHUD (~> 5.0)

SPEC REPOS:
  https://github.com/cocoapods/specs.git:
    - AlignedCollectionViewFlowLayout
    - Crashlytics
    - Eureka
    - Fabric
    - FacebookCore
    - FacebookLogin
    - FBSDKCoreKit
    - FBSDKLoginKit
    - FontAwesome.swift
    - IGListKit
    - ImageRow
    - JTAppleCalendar
    - PKHUD

SPEC CHECKSUMS:
  AlignedCollectionViewFlowLayout: ee2ef451e741ec08f8e0967d828001e2f051c20a
  Crashlytics: 540b7e5f5da5a042647227a5e3ac51d85eed06df
  Eureka: 0f64f477ec8ef6201c6fec143d60ff5c201cf654
  Fabric: 706c8b8098fff96c33c0db69cbf81f9c551d0d74
  FacebookCore: ba86524b66cfa86d0f8e65d08faa8504a9f732dd
  FacebookLogin: 6cee9fd6e1fe976fe8f7eec199e27b28b14f5d63
  FBSDKCoreKit: 7ade9cfea30eef2f6cf105a1aa904f89ea68fb7d
  FBSDKLoginKit: bb28062f24e79590c44ba03297ca9bea4b6436d2
  FontAwesome.swift: 7938d6a03113ff3f39001bde7f50be8a0903d605
  IGListKit: 7a5d788e9fb746bcd402baa8e8b24bc3bd2a5a07
  ImageRow: e65b2e1a33f89062bf2a553a2aad61d975eb7428
  JTAppleCalendar: 76ccdc5a8b236166293e50b190c5f2722c30cdcd
  PKHUD: 98f3e4bc904b9c916f1c5bb6d765365b5357291b

PODFILE CHECKSUM: 9916030bb86ba036098d2e5d54ae2bd139c1cf54

COCOAPODS: 1.6.0
